// !$*UTF8*$!
{
	archiveVersion = 1;
	classes = {
	};
	objectVersion = 46;
	objects = {

/* Begin PBXBuildFile section */
		5259D434112DAFB8422FFDA4 /* libPods-InstagramCodepath.a in Frameworks */ = {isa = PBXBuildFile; fileRef = B8B8F2DF095997A571C4311C /* libPods-InstagramCodepath.a */; };
		979683B61C62D0BB009760C7 /* AppDelegate.swift in Sources */ = {isa = PBXBuildFile; fileRef = 979683B51C62D0BB009760C7 /* AppDelegate.swift */; };
		979683B81C62D0BB009760C7 /* ViewController.swift in Sources */ = {isa = PBXBuildFile; fileRef = 979683B71C62D0BB009760C7 /* ViewController.swift */; };
		979683BB1C62D0BB009760C7 /* Main.storyboard in Resources */ = {isa = PBXBuildFile; fileRef = 979683B91C62D0BB009760C7 /* Main.storyboard */; };
		979683BD1C62D0BB009760C7 /* Assets.xcassets in Resources */ = {isa = PBXBuildFile; fileRef = 979683BC1C62D0BB009760C7 /* Assets.xcassets */; };
		979683C01C62D0BB009760C7 /* LaunchScreen.storyboard in Resources */ = {isa = PBXBuildFile; fileRef = 979683BE1C62D0BB009760C7 /* LaunchScreen.storyboard */; };
/* End PBXBuildFile section */

/* Begin PBXFileReference section */
		853F1BA5F67523CB7AC7632F /* Pods-InstagramCodepath.debug.xcconfig */ = {isa = PBXFileReference; includeInIndex = 1; lastKnownFileType = text.xcconfig; name = "Pods-InstagramCodepath.debug.xcconfig"; path = "Pods/Target Support Files/Pods-InstagramCodepath/Pods-InstagramCodepath.debug.xcconfig"; sourceTree = "<group>"; };
		979683B21C62D0BB009760C7 /* InstagramCodepath.app */ = {isa = PBXFileReference; explicitFileType = wrapper.application; includeInIndex = 0; path = InstagramCodepath.app; sourceTree = BUILT_PRODUCTS_DIR; };
		979683B51C62D0BB009760C7 /* AppDelegate.swift */ = {isa = PBXFileReference; lastKnownFileType = sourcecode.swift; path = AppDelegate.swift; sourceTree = "<group>"; };
		979683B71C62D0BB009760C7 /* ViewController.swift */ = {isa = PBXFileReference; lastKnownFileType = sourcecode.swift; path = ViewController.swift; sourceTree = "<group>"; };
		979683BA1C62D0BB009760C7 /* Base */ = {isa = PBXFileReference; lastKnownFileType = file.storyboard; name = Base; path = Base.lproj/Main.storyboard; sourceTree = "<group>"; };
		979683BC1C62D0BB009760C7 /* Assets.xcassets */ = {isa = PBXFileReference; lastKnownFileType = folder.assetcatalog; path = Assets.xcassets; sourceTree = "<group>"; };
		979683BF1C62D0BB009760C7 /* Base */ = {isa = PBXFileReference; lastKnownFileType = file.storyboard; name = Base; path = Base.lproj/LaunchScreen.storyboard; sourceTree = "<group>"; };
		979683C11C62D0BB009760C7 /* Info.plist */ = {isa = PBXFileReference; lastKnownFileType = text.plist.xml; path = Info.plist; sourceTree = "<group>"; };
		A015FCC3287B82DB4F1C46FD /* Pods-InstagramCodepath.release.xcconfig */ = {isa = PBXFileReference; includeInIndex = 1; lastKnownFileType = text.xcconfig; name = "Pods-InstagramCodepath.release.xcconfig"; path = "Pods/Target Support Files/Pods-InstagramCodepath/Pods-InstagramCodepath.release.xcconfig"; sourceTree = "<group>"; };
		B8B8F2DF095997A571C4311C /* libPods-InstagramCodepath.a */ = {isa = PBXFileReference; explicitFileType = archive.ar; includeInIndex = 0; path = "libPods-InstagramCodepath.a"; sourceTree = BUILT_PRODUCTS_DIR; };
/* End PBXFileReference section */

/* Begin PBXFrameworksBuildPhase section */
		979683AF1C62D0BA009760C7 /* Frameworks */ = {
			isa = PBXFrameworksBuildPhase;
			buildActionMask = 2147483647;
			files = (
				5259D434112DAFB8422FFDA4 /* libPods-InstagramCodepath.a in Frameworks */,
			);
			runOnlyForDeploymentPostprocessing = 0;
		};
/* End PBXFrameworksBuildPhase section */

/* Begin PBXGroup section */
		5EA6AC0CFA47FA25338FB8B6 /* Pods */ = {
			isa = PBXGroup;
			children = (
				853F1BA5F67523CB7AC7632F /* Pods-InstagramCodepath.debug.xcconfig */,
				A015FCC3287B82DB4F1C46FD /* Pods-InstagramCodepath.release.xcconfig */,
			);
			name = Pods;
			sourceTree = "<group>";
		};
		69F3952A3E5ED961471D3606 /* Frameworks */ = {
			isa = PBXGroup;
			children = (
				B8B8F2DF095997A571C4311C /* libPods-InstagramCodepath.a */,
			);
			name = Frameworks;
			sourceTree = "<group>";
		};
		979683A91C62D0BA009760C7 = {
			isa = PBXGroup;
			children = (
				979683B41C62D0BB009760C7 /* InstagramCodepath */,
				979683B31C62D0BB009760C7 /* Products */,
				5EA6AC0CFA47FA25338FB8B6 /* Pods */,
				69F3952A3E5ED961471D3606 /* Frameworks */,
			);
			sourceTree = "<group>";
		};
		979683B31C62D0BB009760C7 /* Products */ = {
			isa = PBXGroup;
			children = (
				979683B21C62D0BB009760C7 /* InstagramCodepath.app */,
			);
			name = Products;
			sourceTree = "<group>";
		};
		979683B41C62D0BB009760C7 /* InstagramCodepath */ = {
			isa = PBXGroup;
			children = (
				979683B51C62D0BB009760C7 /* AppDelegate.swift */,
				979683B71C62D0BB009760C7 /* ViewController.swift */,
				979683B91C62D0BB009760C7 /* Main.storyboard */,
				979683BC1C62D0BB009760C7 /* Assets.xcassets */,
				979683BE1C62D0BB009760C7 /* LaunchScreen.storyboard */,
				979683C11C62D0BB009760C7 /* Info.plist */,
			);
			path = InstagramCodepath;
			sourceTree = "<group>";
		};
/* End PBXGroup section */

/* Begin PBXNativeTarget section */
		979683B11C62D0BA009760C7 /* InstagramCodepath */ = {
			isa = PBXNativeTarget;
			buildConfigurationList = 979683C41C62D0BB009760C7 /* Build configuration list for PBXNativeTarget "InstagramCodepath" */;
			buildPhases = (
				AD195E9A16565D6E5DF5ACB6 /* Check Pods Manifest.lock */,
				979683AE1C62D0BA009760C7 /* Sources */,
				979683AF1C62D0BA009760C7 /* Frameworks */,
				979683B01C62D0BA009760C7 /* Resources */,
				6094A05B8F6053EE334FB210 /* Embed Pods Frameworks */,
				0E398027B911424B243BFD5A /* Copy Pods Resources */,
			);
			buildRules = (
			);
			dependencies = (
			);
			name = InstagramCodepath;
			productName = InstagramCodepath;
			productReference = 979683B21C62D0BB009760C7 /* InstagramCodepath.app */;
			productType = "com.apple.product-type.application";
		};
/* End PBXNativeTarget section */

/* Begin PBXProject section */
		979683AA1C62D0BA009760C7 /* Project object */ = {
			isa = PBXProject;
			attributes = {
				LastSwiftUpdateCheck = 0720;
				LastUpgradeCheck = 0720;
				ORGANIZATIONNAME = "Sumanth Neerumalla";
				TargetAttributes = {
					979683B11C62D0BA009760C7 = {
						CreatedOnToolsVersion = 7.2;
					};
				};
			};
			buildConfigurationList = 979683AD1C62D0BA009760C7 /* Build configuration list for PBXProject "InstagramCodepath" */;
			compatibilityVersion = "Xcode 3.2";
			developmentRegion = English;
			hasScannedForEncodings = 0;
			knownRegions = (
				en,
				Base,
			);
			mainGroup = 979683A91C62D0BA009760C7;
			productRefGroup = 979683B31C62D0BB009760C7 /* Products */;
			projectDirPath = "";
			projectRoot = "";
			targets = (
				979683B11C62D0BA009760C7 /* InstagramCodepath */,
			);
		};
/* End PBXProject section */

/* Begin PBXResourcesBuildPhase section */
		979683B01C62D0BA009760C7 /* Resources */ = {
			isa = PBXResourcesBuildPhase;
			buildActionMask = 2147483647;
			files = (
				979683C01C62D0BB009760C7 /* LaunchScreen.storyboard in Resources */,
				979683BD1C62D0BB009760C7 /* Assets.xcassets in Resources */,
				979683BB1C62D0BB009760C7 /* Main.storyboard in Resources */,
			);
			runOnlyForDeploymentPostprocessing = 0;
		};
/* End PBXResourcesBuildPhase section */

/* Begin PBXShellScriptBuildPhase section */
		0E398027B911424B243BFD5A /* Copy Pods Resources */ = {
			isa = PBXShellScriptBuildPhase;
			buildActionMask = 2147483647;
			files = (
			);
			inputPaths = (
			);
			name = "Copy Pods Resources";
			outputPaths = (
			);
			runOnlyForDeploymentPostprocessing = 0;
			shellPath = /bin/sh;
			shellScript = "\"${SRCROOT}/Pods/Target Support Files/Pods-InstagramCodepath/Pods-InstagramCodepath-resources.sh\"\n";
			showEnvVarsInLog = 0;
		};
		6094A05B8F6053EE334FB210 /* Embed Pods Frameworks */ = {
			isa = PBXShellScriptBuildPhase;
			buildActionMask = 2147483647;
			files = (
			);
			inputPaths = (
			);
			name = "Embed Pods Frameworks";
			outputPaths = (
			);
			runOnlyForDeploymentPostprocessing = 0;
			shellPath = /bin/sh;
			shellScript = "\"${SRCROOT}/Pods/Target Support Files/Pods-InstagramCodepath/Pods-InstagramCodepath-frameworks.sh\"\n";
			showEnvVarsInLog = 0;
		};
		AD195E9A16565D6E5DF5ACB6 /* Check Pods Manifest.lock */ = {
			isa = PBXShellScriptBuildPhase;
			buildActionMask = 2147483647;
			files = (
			);
			inputPaths = (
			);
			name = "Check Pods Manifest.lock";
			outputPaths = (
			);
			runOnlyForDeploymentPostprocessing = 0;
			shellPath = /bin/sh;
			shellScript = "diff \"${PODS_ROOT}/../Podfile.lock\" \"${PODS_ROOT}/Manifest.lock\" > /dev/null\nif [[ $? != 0 ]] ; then\n    cat << EOM\nerror: The sandbox is not in sync with the Podfile.lock. Run 'pod install' or update your CocoaPods installation.\nEOM\n    exit 1\nfi\n";
			showEnvVarsInLog = 0;
		};
/* End PBXShellScriptBuildPhase section */

/* Begin PBXSourcesBuildPhase section */
		979683AE1C62D0BA009760C7 /* Sources */ = {
			isa = PBXSourcesBuildPhase;
			buildActionMask = 2147483647;
			files = (
				979683B81C62D0BB009760C7 /* ViewController.swift in Sources */,
				979683B61C62D0BB009760C7 /* AppDelegate.swift in Sources */,
			);
			runOnlyForDeploymentPostprocessing = 0;
		};
/* End PBXSourcesBuildPhase section */

/* Begin PBXVariantGroup section */
		979683B91C62D0BB009760C7 /* Main.storyboard */ = {
			isa = PBXVariantGroup;
			children = (
				979683BA1C62D0BB009760C7 /* Base */,
			);
			name = Main.storyboard;
			sourceTree = "<group>";
		};
		979683BE1C62D0BB009760C7 /* LaunchScreen.storyboard */ = {
			isa = PBXVariantGroup;
			children = (
				979683BF1C62D0BB009760C7 /* Base */,
			);
			name = LaunchScreen.storyboard;
			sourceTree = "<group>";
		};
/* End PBXVariantGroup section */

/* Begin XCBuildConfiguration section */
		979683C21C62D0BB009760C7 /* Debug */ = {
			isa = XCBuildConfiguration;
			buildSettings = {
				ALWAYS_SEARCH_USER_PATHS = NO;
				CLANG_CXX_LANGUAGE_STANDARD = "gnu++0x";
				CLANG_CXX_LIBRARY = "libc++";
				CLANG_ENABLE_MODULES = YES;
				CLANG_ENABLE_OBJC_ARC = YES;
				CLANG_WARN_BOOL_CONVERSION = YES;
				CLANG_WARN_CONSTANT_CONVERSION = YES;
				CLANG_WARN_DIRECT_OBJC_ISA_USAGE = YES_ERROR;
				CLANG_WARN_EMPTY_BODY = YES;
				CLANG_WARN_ENUM_CONVERSION = YES;
				CLANG_WARN_INT_CONVERSION = YES;
				CLANG_WARN_OBJC_ROOT_CLASS = YES_ERROR;
				CLANG_WARN_UNREACHABLE_CODE = YES;
				CLANG_WARN__DUPLICATE_METHOD_MATCH = YES;
				"CODE_SIGN_IDENTITY[sdk=iphoneos*]" = "iPhone Developer";
				COPY_PHASE_STRIP = NO;
				DEBUG_INFORMATION_FORMAT = dwarf;
				ENABLE_STRICT_OBJC_MSGSEND = YES;
				ENABLE_TESTABILITY = YES;
				GCC_C_LANGUAGE_STANDARD = gnu99;
				GCC_DYNAMIC_NO_PIC = NO;
				GCC_NO_COMMON_BLOCKS = YES;
				GCC_OPTIMIZATION_LEVEL = 0;
				GCC_PREPROCESSOR_DEFINITIONS = (
					"DEBUG=1",
					"$(inherited)",
				);
				GCC_WARN_64_TO_32_BIT_CONVERSION = YES;
				GCC_WARN_ABOUT_RETURN_TYPE = YES_ERROR;
				GCC_WARN_UNDECLARED_SELECTOR = YES;
				GCC_WARN_UNINITIALIZED_AUTOS = YES_AGGRESSIVE;
				GCC_WARN_UNUSED_FUNCTION = YES;
				GCC_WARN_UNUSED_VARIABLE = YES;
				IPHONEOS_DEPLOYMENT_TARGET = 9.2;
				MTL_ENABLE_DEBUG_INFO = YES;
				ONLY_ACTIVE_ARCH = YES;
				SDKROOT = iphoneos;
				SWIFT_OPTIMIZATION_LEVEL = "-Onone";
				TARGETED_DEVICE_FAMILY = "1,2";
			};
			name = Debug;
		};
		979683C31C62D0BB009760C7 /* Release */ = {
			isa = XCBuildConfiguration;
			buildSettings = {
				ALWAYS_SEARCH_USER_PATHS = NO;
				CLANG_CXX_LANGUAGE_STANDARD = "gnu++0x";
				CLANG_CXX_LIBRARY = "libc++";
				CLANG_ENABLE_MODULES = YES;
				CLANG_ENABLE_OBJC_ARC = YES;
				CLANG_WARN_BOOL_CONVERSION = YES;
				CLANG_WARN_CONSTANT_CONVERSION = YES;
				CLANG_WARN_DIRECT_OBJC_ISA_USAGE = YES_ERROR;
				CLANG_WARN_EMPTY_BODY = YES;
				CLANG_WARN_ENUM_CONVERSION = YES;
				CLANG_WARN_INT_CONVERSION = YES;
				CLANG_WARN_OBJC_ROOT_CLASS = YES_ERROR;
				CLANG_WARN_UNREACHABLE_CODE = YES;
				CLANG_WARN__DUPLICATE_METHOD_MATCH = YES;
				"CODE_SIGN_IDENTITY[sdk=iphoneos*]" = "iPhone Developer";
				COPY_PHASE_STRIP = NO;
				DEBUG_INFORMATION_FORMAT = "dwarf-with-dsym";
				ENABLE_NS_ASSERTIONS = NO;
				ENABLE_STRICT_OBJC_MSGSEND = YES;
				GCC_C_LANGUAGE_STANDARD = gnu99;
				GCC_NO_COMMON_BLOCKS = YES;
				GCC_WARN_64_TO_32_BIT_CONVERSION = YES;
				GCC_WARN_ABOUT_RETURN_TYPE = YES_ERROR;
				GCC_WARN_UNDECLARED_SELECTOR = YES;
				GCC_WARN_UNINITIALIZED_AUTOS = YES_AGGRESSIVE;
				GCC_WARN_UNUSED_FUNCTION = YES;
				GCC_WARN_UNUSED_VARIABLE = YES;
				IPHONEOS_DEPLOYMENT_TARGET = 9.2;
				MTL_ENABLE_DEBUG_INFO = NO;
				SDKROOT = iphoneos;
				TARGETED_DEVICE_FAMILY = "1,2";
				VALIDATE_PRODUCT = YES;
			};
			name = Release;
		};
		979683C51C62D0BB009760C7 /* Debug */ = {
			isa = XCBuildConfiguration;
			baseConfigurationReference = 853F1BA5F67523CB7AC7632F /* Pods-InstagramCodepath.debug.xcconfig */;
			buildSettings = {
				ASSETCATALOG_COMPILER_APPICON_NAME = AppIcon;
				INFOPLIST_FILE = InstagramCodepath/Info.plist;
				LD_RUNPATH_SEARCH_PATHS = "$(inherited) @executable_path/Frameworks";
				PRODUCT_BUNDLE_IDENTIFIER = codepath.com.InstagramCodepath;
				PRODUCT_NAME = "$(TARGET_NAME)";
			};
			name = Debug;
		};
		979683C61C62D0BB009760C7 /* Release */ = {
			isa = XCBuildConfiguration;
			baseConfigurationReference = A015FCC3287B82DB4F1C46FD /* Pods-InstagramCodepath.release.xcconfig */;
			buildSettings = {
				ASSETCATALOG_COMPILER_APPICON_NAME = AppIcon;
				INFOPLIST_FILE = InstagramCodepath/Info.plist;
				LD_RUNPATH_SEARCH_PATHS = "$(inherited) @executable_path/Frameworks";
				PRODUCT_BUNDLE_IDENTIFIER = codepath.com.InstagramCodepath;
				PRODUCT_NAME = "$(TARGET_NAME)";
			};
			name = Release;
		};
/* End XCBuildConfiguration section */

/* Begin XCConfigurationList section */
		979683AD1C62D0BA009760C7 /* Build configuration list for PBXProject "InstagramCodepath" */ = {
			isa = XCConfigurationList;
			buildConfigurations = (
				979683C21C62D0BB009760C7 /* Debug */,
				979683C31C62D0BB009760C7 /* Release */,
			);
			defaultConfigurationIsVisible = 0;
			defaultConfigurationName = Release;
		};
		979683C41C62D0BB009760C7 /* Build configuration list for PBXNativeTarget "InstagramCodepath" */ = {
			isa = XCConfigurationList;
			buildConfigurations = (
				979683C51C62D0BB009760C7 /* Debug */,
				979683C61C62D0BB009760C7 /* Release */,
			);
			defaultConfigurationIsVisible = 0;
			defaultConfigurationName = Release;
		};
/* End XCConfigurationList section */
	};
	rootObject = 979683AA1C62D0BA009760C7 /* Project object */;
}
